# This file is automatically @generated by Cargo.
# It is not intended for manual editing.
version = 4

[[package]]
name = "cli"
version = "0.1.0"
dependencies = [
 "regex-engine",
 "search",
]

[[package]]
name = "regex-engine"
version = "0.1.0"

[[package]]
name = "search"
version = "0.1.0"
dependencies = [
 "regex-engine",
]
